{
  "version": "4",
  "specifiers": {
    "jsr:@valibot/valibot@1.0.0-beta.9": "1.0.0-beta.9"
  },
  "jsr": {
    "@valibot/valibot@1.0.0-beta.9": {
      "integrity": "6daab052136313c72752e33cd9b2ca86ea7335562264175c3d454c6daecd6bfe"
    }
  },
  "workspace": {
    "dependencies": [
      "jsr:@valibot/valibot@1.0.0-beta.9"
    ]
  }
}
